
Microsoft Visual Studio Solution File, Format Version 12.00
# Visual Studio Version 17
VisualStudioVersion = 17.10.35122.118
MinimumVisualStudioVersion = 10.0.40219.1
Project("{8BC9CEB8-8B4A-11D0-8D11-00A0C91BC942}") = "IntroCPP", "IntroCPP\IntroCPP.vcxproj", "{915081DA-C8F5-47BE-9550-E67D58AE8FA9}"
	ProjectSection(ProjectDependencies) = postProject
		{E89D61AC-55DE-4482-AFD4-DF7242EBC859} = {E89D61AC-55DE-4482-AFD4-DF7242EBC859}
	EndProjectSection
EndProject
Project("{8BC9CEB8-8B4A-11D0-8D11-00A0C91BC942}") = "ExerciceLogger", "ExerciceLogger\ExerciceLogger.vcxproj", "{B1EA64BE-06EF-41F8-A562-CBE9F3E321CF}"
EndProject
Project("{8BC9CEB8-8B4A-11D0-8D11-00A0C91BC942}") = "CtorConstDebug", "CtorConstDebug\CtorConstDebug.vcxproj", "{29B4C836-7125-41BF-9254-7AC83D41BBD3}"
EndProject
Project("{8BC9CEB8-8B4A-11D0-8D11-00A0C91BC942}") = "Exercice-Logger-Prof", "ExerciceLoggerProf\Exercice-Logger-Prof.vcxproj", "{F65E7169-CF57-43B8-8D7D-BA0067462F34}"
EndProject
Project("{8BC9CEB8-8B4A-11D0-8D11-00A0C91BC942}") = "raylib", "raylib\projects\VS2022\raylib\raylib.vcxproj", "{E89D61AC-55DE-4482-AFD4-DF7242EBC859}"
EndProject
Project("{8BC9CEB8-8B4A-11D0-8D11-00A0C91BC942}") = "ExerciceDessin", "ExerciceDessin\ExerciceDessin.vcxproj", "{16B7D01F-F131-4224-95E3-A89250C9496B}"
EndProject
Project("{8BC9CEB8-8B4A-11D0-8D11-00A0C91BC942}") = "MonPremierModeleUtile", "MonPremierModeleUtile\MonPremierModeleUtile.vcxproj", "{08CEBE1A-8FDC-4EED-9F75-F0A82A432FB8}"
EndProject
Project("{8BC9CEB8-8B4A-11D0-8D11-00A0C91BC942}") = "DemoPreprocesseur", "DemoPreprocesseur\DemoPreprocesseur.vcxproj", "{CA328E25-7181-4B9C-8A89-64A0B89A3641}"
EndProject
Project("{8BC9CEB8-8B4A-11D0-8D11-00A0C91BC942}") = "ExoPreProcesseur", "ExoPreProcesseur\ExoPreProcesseur.vcxproj", "{125F4A68-BD53-4BF8-9695-96FF65F0744A}"
EndProject
Project("{8BC9CEB8-8B4A-11D0-8D11-00A0C91BC942}") = "DemoSmartPointer", "DemoSmartPointer\DemoSmartPointer.vcxproj", "{8088B988-76E9-4D69-B86A-8158A98AFF67}"
EndProject
Project("{8BC9CEB8-8B4A-11D0-8D11-00A0C91BC942}") = "ExerciceSmartPointer", "ExerciceSmartPointer\ExerciceSmartPointer.vcxproj", "{3AC28618-3273-454D-81C4-4366B23D8588}"
EndProject
Project("{8BC9CEB8-8B4A-11D0-8D11-00A0C91BC942}") = "ExerciceFonctionelleLambda", "ExerciceFonctionelleLambda\ExerciceFonctionelleLambda.vcxproj", "{91B397F4-BC40-477E-A5BE-69551985D3AE}"
EndProject
Project("{8BC9CEB8-8B4A-11D0-8D11-00A0C91BC942}") = "DemoFonctionnelleLambda", "DemoFonctionnelleLambda\DemoFonctionnelleLambda.vcxproj", "{8708F739-9415-4217-9897-50A46988D2FE}"
EndProject
Global
	GlobalSection(SolutionConfigurationPlatforms) = preSolution
		Debug.DLL|x64 = Debug.DLL|x64
		Debug.DLL|x86 = Debug.DLL|x86
		Debug|x64 = Debug|x64
		Debug|x86 = Debug|x86
		Release.DLL|x64 = Release.DLL|x64
		Release.DLL|x86 = Release.DLL|x86
		Release|x64 = Release|x64
		Release|x86 = Release|x86
	EndGlobalSection
	GlobalSection(ProjectConfigurationPlatforms) = postSolution
		{915081DA-C8F5-47BE-9550-E67D58AE8FA9}.Debug.DLL|x64.ActiveCfg = Debug|x64
		{915081DA-C8F5-47BE-9550-E67D58AE8FA9}.Debug.DLL|x64.Build.0 = Debug|x64
		{915081DA-C8F5-47BE-9550-E67D58AE8FA9}.Debug.DLL|x86.ActiveCfg = Debug|Win32
		{915081DA-C8F5-47BE-9550-E67D58AE8FA9}.Debug.DLL|x86.Build.0 = Debug|Win32
		{915081DA-C8F5-47BE-9550-E67D58AE8FA9}.Debug|x64.ActiveCfg = Debug|x64
		{915081DA-C8F5-47BE-9550-E67D58AE8FA9}.Debug|x64.Build.0 = Debug|x64
		{915081DA-C8F5-47BE-9550-E67D58AE8FA9}.Debug|x86.ActiveCfg = Debug|Win32
		{915081DA-C8F5-47BE-9550-E67D58AE8FA9}.Debug|x86.Build.0 = Debug|Win32
		{915081DA-C8F5-47BE-9550-E67D58AE8FA9}.Release.DLL|x64.ActiveCfg = Release|x64
		{915081DA-C8F5-47BE-9550-E67D58AE8FA9}.Release.DLL|x64.Build.0 = Release|x64
		{915081DA-C8F5-47BE-9550-E67D58AE8FA9}.Release.DLL|x86.ActiveCfg = Release|Win32
		{915081DA-C8F5-47BE-9550-E67D58AE8FA9}.Release.DLL|x86.Build.0 = Release|Win32
		{915081DA-C8F5-47BE-9550-E67D58AE8FA9}.Release|x64.ActiveCfg = Release|x64
		{915081DA-C8F5-47BE-9550-E67D58AE8FA9}.Release|x64.Build.0 = Release|x64
		{915081DA-C8F5-47BE-9550-E67D58AE8FA9}.Release|x86.ActiveCfg = Release|Win32
		{915081DA-C8F5-47BE-9550-E67D58AE8FA9}.Release|x86.Build.0 = Release|Win32
		{B1EA64BE-06EF-41F8-A562-CBE9F3E321CF}.Debug.DLL|x64.ActiveCfg = Debug|x64
		{B1EA64BE-06EF-41F8-A562-CBE9F3E321CF}.Debug.DLL|x64.Build.0 = Debug|x64
		{B1EA64BE-06EF-41F8-A562-CBE9F3E321CF}.Debug.DLL|x86.ActiveCfg = Debug|Win32
		{B1EA64BE-06EF-41F8-A562-CBE9F3E321CF}.Debug.DLL|x86.Build.0 = Debug|Win32
		{B1EA64BE-06EF-41F8-A562-CBE9F3E321CF}.Debug|x64.ActiveCfg = Debug|x64
		{B1EA64BE-06EF-41F8-A562-CBE9F3E321CF}.Debug|x64.Build.0 = Debug|x64
		{B1EA64BE-06EF-41F8-A562-CBE9F3E321CF}.Debug|x86.ActiveCfg = Debug|Win32
		{B1EA64BE-06EF-41F8-A562-CBE9F3E321CF}.Debug|x86.Build.0 = Debug|Win32
		{B1EA64BE-06EF-41F8-A562-CBE9F3E321CF}.Release.DLL|x64.ActiveCfg = Release|x64
		{B1EA64BE-06EF-41F8-A562-CBE9F3E321CF}.Release.DLL|x64.Build.0 = Release|x64
		{B1EA64BE-06EF-41F8-A562-CBE9F3E321CF}.Release.DLL|x86.ActiveCfg = Release|Win32
		{B1EA64BE-06EF-41F8-A562-CBE9F3E321CF}.Release.DLL|x86.Build.0 = Release|Win32
		{B1EA64BE-06EF-41F8-A562-CBE9F3E321CF}.Release|x64.ActiveCfg = Release|x64
		{B1EA64BE-06EF-41F8-A562-CBE9F3E321CF}.Release|x64.Build.0 = Release|x64
		{B1EA64BE-06EF-41F8-A562-CBE9F3E321CF}.Release|x86.ActiveCfg = Release|Win32
		{B1EA64BE-06EF-41F8-A562-CBE9F3E321CF}.Release|x86.Build.0 = Release|Win32
		{29B4C836-7125-41BF-9254-7AC83D41BBD3}.Debug.DLL|x64.ActiveCfg = Debug|x64
		{29B4C836-7125-41BF-9254-7AC83D41BBD3}.Debug.DLL|x64.Build.0 = Debug|x64
		{29B4C836-7125-41BF-9254-7AC83D41BBD3}.Debug.DLL|x86.ActiveCfg = Debug|Win32
		{29B4C836-7125-41BF-9254-7AC83D41BBD3}.Debug.DLL|x86.Build.0 = Debug|Win32
		{29B4C836-7125-41BF-9254-7AC83D41BBD3}.Debug|x64.ActiveCfg = Debug|x64
		{29B4C836-7125-41BF-9254-7AC83D41BBD3}.Debug|x64.Build.0 = Debug|x64
		{29B4C836-7125-41BF-9254-7AC83D41BBD3}.Debug|x86.ActiveCfg = Debug|Win32
		{29B4C836-7125-41BF-9254-7AC83D41BBD3}.Debug|x86.Build.0 = Debug|Win32
		{29B4C836-7125-41BF-9254-7AC83D41BBD3}.Release.DLL|x64.ActiveCfg = Release|x64
		{29B4C836-7125-41BF-9254-7AC83D41BBD3}.Release.DLL|x64.Build.0 = Release|x64
		{29B4C836-7125-41BF-9254-7AC83D41BBD3}.Release.DLL|x86.ActiveCfg = Release|Win32
		{29B4C836-7125-41BF-9254-7AC83D41BBD3}.Release.DLL|x86.Build.0 = Release|Win32
		{29B4C836-7125-41BF-9254-7AC83D41BBD3}.Release|x64.ActiveCfg = Release|x64
		{29B4C836-7125-41BF-9254-7AC83D41BBD3}.Release|x64.Build.0 = Release|x64
		{29B4C836-7125-41BF-9254-7AC83D41BBD3}.Release|x86.ActiveCfg = Release|Win32
		{29B4C836-7125-41BF-9254-7AC83D41BBD3}.Release|x86.Build.0 = Release|Win32
		{F65E7169-CF57-43B8-8D7D-BA0067462F34}.Debug.DLL|x64.ActiveCfg = Debug|x64
		{F65E7169-CF57-43B8-8D7D-BA0067462F34}.Debug.DLL|x64.Build.0 = Debug|x64
		{F65E7169-CF57-43B8-8D7D-BA0067462F34}.Debug.DLL|x86.ActiveCfg = Debug|Win32
		{F65E7169-CF57-43B8-8D7D-BA0067462F34}.Debug.DLL|x86.Build.0 = Debug|Win32
		{F65E7169-CF57-43B8-8D7D-BA0067462F34}.Debug|x64.ActiveCfg = Debug|x64
		{F65E7169-CF57-43B8-8D7D-BA0067462F34}.Debug|x64.Build.0 = Debug|x64
		{F65E7169-CF57-43B8-8D7D-BA0067462F34}.Debug|x86.ActiveCfg = Debug|Win32
		{F65E7169-CF57-43B8-8D7D-BA0067462F34}.Debug|x86.Build.0 = Debug|Win32
		{F65E7169-CF57-43B8-8D7D-BA0067462F34}.Release.DLL|x64.ActiveCfg = Release|x64
		{F65E7169-CF57-43B8-8D7D-BA0067462F34}.Release.DLL|x64.Build.0 = Release|x64
		{F65E7169-CF57-43B8-8D7D-BA0067462F34}.Release.DLL|x86.ActiveCfg = Release|Win32
		{F65E7169-CF57-43B8-8D7D-BA0067462F34}.Release.DLL|x86.Build.0 = Release|Win32
		{F65E7169-CF57-43B8-8D7D-BA0067462F34}.Release|x64.ActiveCfg = Release|x64
		{F65E7169-CF57-43B8-8D7D-BA0067462F34}.Release|x64.Build.0 = Release|x64
		{F65E7169-CF57-43B8-8D7D-BA0067462F34}.Release|x86.ActiveCfg = Release|Win32
		{F65E7169-CF57-43B8-8D7D-BA0067462F34}.Release|x86.Build.0 = Release|Win32
		{E89D61AC-55DE-4482-AFD4-DF7242EBC859}.Debug.DLL|x64.ActiveCfg = Debug.DLL|x64
		{E89D61AC-55DE-4482-AFD4-DF7242EBC859}.Debug.DLL|x64.Build.0 = Debug.DLL|x64
		{E89D61AC-55DE-4482-AFD4-DF7242EBC859}.Debug.DLL|x86.ActiveCfg = Debug.DLL|Win32
		{E89D61AC-55DE-4482-AFD4-DF7242EBC859}.Debug.DLL|x86.Build.0 = Debug.DLL|Win32
		{E89D61AC-55DE-4482-AFD4-DF7242EBC859}.Debug|x64.ActiveCfg = Debug|x64
		{E89D61AC-55DE-4482-AFD4-DF7242EBC859}.Debug|x64.Build.0 = Debug|x64
		{E89D61AC-55DE-4482-AFD4-DF7242EBC859}.Debug|x86.ActiveCfg = Debug|Win32
		{E89D61AC-55DE-4482-AFD4-DF7242EBC859}.Debug|x86.Build.0 = Debug|Win32
		{E89D61AC-55DE-4482-AFD4-DF7242EBC859}.Release.DLL|x64.ActiveCfg = Release.DLL|x64
		{E89D61AC-55DE-4482-AFD4-DF7242EBC859}.Release.DLL|x64.Build.0 = Release.DLL|x64
		{E89D61AC-55DE-4482-AFD4-DF7242EBC859}.Release.DLL|x86.ActiveCfg = Release.DLL|Win32
		{E89D61AC-55DE-4482-AFD4-DF7242EBC859}.Release.DLL|x86.Build.0 = Release.DLL|Win32
		{E89D61AC-55DE-4482-AFD4-DF7242EBC859}.Release|x64.ActiveCfg = Release|x64
		{E89D61AC-55DE-4482-AFD4-DF7242EBC859}.Release|x64.Build.0 = Release|x64
		{E89D61AC-55DE-4482-AFD4-DF7242EBC859}.Release|x86.ActiveCfg = Release|Win32
		{E89D61AC-55DE-4482-AFD4-DF7242EBC859}.Release|x86.Build.0 = Release|Win32
		{16B7D01F-F131-4224-95E3-A89250C9496B}.Debug.DLL|x64.ActiveCfg = Debug|x64
		{16B7D01F-F131-4224-95E3-A89250C9496B}.Debug.DLL|x64.Build.0 = Debug|x64
		{16B7D01F-F131-4224-95E3-A89250C9496B}.Debug.DLL|x86.ActiveCfg = Debug|Win32
		{16B7D01F-F131-4224-95E3-A89250C9496B}.Debug.DLL|x86.Build.0 = Debug|Win32
		{16B7D01F-F131-4224-95E3-A89250C9496B}.Debug|x64.ActiveCfg = Debug|x64
		{16B7D01F-F131-4224-95E3-A89250C9496B}.Debug|x64.Build.0 = Debug|x64
		{16B7D01F-F131-4224-95E3-A89250C9496B}.Debug|x86.ActiveCfg = Debug|Win32
		{16B7D01F-F131-4224-95E3-A89250C9496B}.Debug|x86.Build.0 = Debug|Win32
		{16B7D01F-F131-4224-95E3-A89250C9496B}.Release.DLL|x64.ActiveCfg = Release|x64
		{16B7D01F-F131-4224-95E3-A89250C9496B}.Release.DLL|x64.Build.0 = Release|x64
		{16B7D01F-F131-4224-95E3-A89250C9496B}.Release.DLL|x86.ActiveCfg = Release|Win32
		{16B7D01F-F131-4224-95E3-A89250C9496B}.Release.DLL|x86.Build.0 = Release|Win32
		{16B7D01F-F131-4224-95E3-A89250C9496B}.Release|x64.ActiveCfg = Release|x64
		{16B7D01F-F131-4224-95E3-A89250C9496B}.Release|x64.Build.0 = Release|x64
		{16B7D01F-F131-4224-95E3-A89250C9496B}.Release|x86.ActiveCfg = Release|Win32
		{16B7D01F-F131-4224-95E3-A89250C9496B}.Release|x86.Build.0 = Release|Win32
		{08CEBE1A-8FDC-4EED-9F75-F0A82A432FB8}.Debug.DLL|x64.ActiveCfg = Debug|x64
		{08CEBE1A-8FDC-4EED-9F75-F0A82A432FB8}.Debug.DLL|x64.Build.0 = Debug|x64
		{08CEBE1A-8FDC-4EED-9F75-F0A82A432FB8}.Debug.DLL|x86.ActiveCfg = Debug|Win32
		{08CEBE1A-8FDC-4EED-9F75-F0A82A432FB8}.Debug.DLL|x86.Build.0 = Debug|Win32
		{08CEBE1A-8FDC-4EED-9F75-F0A82A432FB8}.Debug|x64.ActiveCfg = Debug|x64
		{08CEBE1A-8FDC-4EED-9F75-F0A82A432FB8}.Debug|x64.Build.0 = Debug|x64
		{08CEBE1A-8FDC-4EED-9F75-F0A82A432FB8}.Debug|x86.ActiveCfg = Debug|Win32
		{08CEBE1A-8FDC-4EED-9F75-F0A82A432FB8}.Debug|x86.Build.0 = Debug|Win32
		{08CEBE1A-8FDC-4EED-9F75-F0A82A432FB8}.Release.DLL|x64.ActiveCfg = Release|x64
		{08CEBE1A-8FDC-4EED-9F75-F0A82A432FB8}.Release.DLL|x64.Build.0 = Release|x64
		{08CEBE1A-8FDC-4EED-9F75-F0A82A432FB8}.Release.DLL|x86.ActiveCfg = Release|Win32
		{08CEBE1A-8FDC-4EED-9F75-F0A82A432FB8}.Release.DLL|x86.Build.0 = Release|Win32
		{08CEBE1A-8FDC-4EED-9F75-F0A82A432FB8}.Release|x64.ActiveCfg = Release|x64
		{08CEBE1A-8FDC-4EED-9F75-F0A82A432FB8}.Release|x64.Build.0 = Release|x64
		{08CEBE1A-8FDC-4EED-9F75-F0A82A432FB8}.Release|x86.ActiveCfg = Release|Win32
		{08CEBE1A-8FDC-4EED-9F75-F0A82A432FB8}.Release|x86.Build.0 = Release|Win32
		{CA328E25-7181-4B9C-8A89-64A0B89A3641}.Debug.DLL|x64.ActiveCfg = Debug|x64
		{CA328E25-7181-4B9C-8A89-64A0B89A3641}.Debug.DLL|x64.Build.0 = Debug|x64
		{CA328E25-7181-4B9C-8A89-64A0B89A3641}.Debug.DLL|x86.ActiveCfg = Debug|Win32
		{CA328E25-7181-4B9C-8A89-64A0B89A3641}.Debug.DLL|x86.Build.0 = Debug|Win32
		{CA328E25-7181-4B9C-8A89-64A0B89A3641}.Debug|x64.ActiveCfg = Debug|x64
		{CA328E25-7181-4B9C-8A89-64A0B89A3641}.Debug|x64.Build.0 = Debug|x64
		{CA328E25-7181-4B9C-8A89-64A0B89A3641}.Debug|x86.ActiveCfg = Debug|Win32
		{CA328E25-7181-4B9C-8A89-64A0B89A3641}.Debug|x86.Build.0 = Debug|Win32
		{CA328E25-7181-4B9C-8A89-64A0B89A3641}.Release.DLL|x64.ActiveCfg = Release|x64
		{CA328E25-7181-4B9C-8A89-64A0B89A3641}.Release.DLL|x64.Build.0 = Release|x64
		{CA328E25-7181-4B9C-8A89-64A0B89A3641}.Release.DLL|x86.ActiveCfg = Release|Win32
		{CA328E25-7181-4B9C-8A89-64A0B89A3641}.Release.DLL|x86.Build.0 = Release|Win32
		{CA328E25-7181-4B9C-8A89-64A0B89A3641}.Release|x64.ActiveCfg = Release|x64
		{CA328E25-7181-4B9C-8A89-64A0B89A3641}.Release|x64.Build.0 = Release|x64
		{CA328E25-7181-4B9C-8A89-64A0B89A3641}.Release|x86.ActiveCfg = Release|Win32
		{CA328E25-7181-4B9C-8A89-64A0B89A3641}.Release|x86.Build.0 = Release|Win32
		{125F4A68-BD53-4BF8-9695-96FF65F0744A}.Debug.DLL|x64.ActiveCfg = Debug|x64
		{125F4A68-BD53-4BF8-9695-96FF65F0744A}.Debug.DLL|x64.Build.0 = Debug|x64
		{125F4A68-BD53-4BF8-9695-96FF65F0744A}.Debug.DLL|x86.ActiveCfg = Debug|Win32
		{125F4A68-BD53-4BF8-9695-96FF65F0744A}.Debug.DLL|x86.Build.0 = Debug|Win32
		{125F4A68-BD53-4BF8-9695-96FF65F0744A}.Debug|x64.ActiveCfg = Debug|x64
		{125F4A68-BD53-4BF8-9695-96FF65F0744A}.Debug|x64.Build.0 = Debug|x64
		{125F4A68-BD53-4BF8-9695-96FF65F0744A}.Debug|x86.ActiveCfg = Debug|Win32
		{125F4A68-BD53-4BF8-9695-96FF65F0744A}.Debug|x86.Build.0 = Debug|Win32
		{125F4A68-BD53-4BF8-9695-96FF65F0744A}.Release.DLL|x64.ActiveCfg = Release|x64
		{125F4A68-BD53-4BF8-9695-96FF65F0744A}.Release.DLL|x64.Build.0 = Release|x64
		{125F4A68-BD53-4BF8-9695-96FF65F0744A}.Release.DLL|x86.ActiveCfg = Release|Win32
		{125F4A68-BD53-4BF8-9695-96FF65F0744A}.Release.DLL|x86.Build.0 = Release|Win32
		{125F4A68-BD53-4BF8-9695-96FF65F0744A}.Release|x64.ActiveCfg = Release|x64
		{125F4A68-BD53-4BF8-9695-96FF65F0744A}.Release|x64.Build.0 = Release|x64
		{125F4A68-BD53-4BF8-9695-96FF65F0744A}.Release|x86.ActiveCfg = Release|Win32
		{125F4A68-BD53-4BF8-9695-96FF65F0744A}.Release|x86.Build.0 = Release|Win32
		{8088B988-76E9-4D69-B86A-8158A98AFF67}.Debug.DLL|x64.ActiveCfg = Debug|x64
		{8088B988-76E9-4D69-B86A-8158A98AFF67}.Debug.DLL|x64.Build.0 = Debug|x64
		{8088B988-76E9-4D69-B86A-8158A98AFF67}.Debug.DLL|x86.ActiveCfg = Debug|Win32
		{8088B988-76E9-4D69-B86A-8158A98AFF67}.Debug.DLL|x86.Build.0 = Debug|Win32
		{8088B988-76E9-4D69-B86A-8158A98AFF67}.Debug|x64.ActiveCfg = Debug|x64
		{8088B988-76E9-4D69-B86A-8158A98AFF67}.Debug|x64.Build.0 = Debug|x64
		{8088B988-76E9-4D69-B86A-8158A98AFF67}.Debug|x86.ActiveCfg = Debug|Win32
		{8088B988-76E9-4D69-B86A-8158A98AFF67}.Debug|x86.Build.0 = Debug|Win32
		{8088B988-76E9-4D69-B86A-8158A98AFF67}.Release.DLL|x64.ActiveCfg = Release|x64
		{8088B988-76E9-4D69-B86A-8158A98AFF67}.Release.DLL|x64.Build.0 = Release|x64
		{8088B988-76E9-4D69-B86A-8158A98AFF67}.Release.DLL|x86.ActiveCfg = Release|Win32
		{8088B988-76E9-4D69-B86A-8158A98AFF67}.Release.DLL|x86.Build.0 = Release|Win32
		{8088B988-76E9-4D69-B86A-8158A98AFF67}.Release|x64.ActiveCfg = Release|x64
		{8088B988-76E9-4D69-B86A-8158A98AFF67}.Release|x64.Build.0 = Release|x64
		{8088B988-76E9-4D69-B86A-8158A98AFF67}.Release|x86.ActiveCfg = Release|Win32
		{8088B988-76E9-4D69-B86A-8158A98AFF67}.Release|x86.Build.0 = Release|Win32
		{3AC28618-3273-454D-81C4-4366B23D8588}.Debug.DLL|x64.ActiveCfg = Debug|x64
		{3AC28618-3273-454D-81C4-4366B23D8588}.Debug.DLL|x64.Build.0 = Debug|x64
		{3AC28618-3273-454D-81C4-4366B23D8588}.Debug.DLL|x86.ActiveCfg = Debug|Win32
		{3AC28618-3273-454D-81C4-4366B23D8588}.Debug.DLL|x86.Build.0 = Debug|Win32
		{3AC28618-3273-454D-81C4-4366B23D8588}.Debug|x64.ActiveCfg = Debug|x64
		{3AC28618-3273-454D-81C4-4366B23D8588}.Debug|x64.Build.0 = Debug|x64
		{3AC28618-3273-454D-81C4-4366B23D8588}.Debug|x86.ActiveCfg = Debug|Win32
		{3AC28618-3273-454D-81C4-4366B23D8588}.Debug|x86.Build.0 = Debug|Win32
		{3AC28618-3273-454D-81C4-4366B23D8588}.Release.DLL|x64.ActiveCfg = Release|x64
		{3AC28618-3273-454D-81C4-4366B23D8588}.Release.DLL|x64.Build.0 = Release|x64
		{3AC28618-3273-454D-81C4-4366B23D8588}.Release.DLL|x86.ActiveCfg = Release|Win32
		{3AC28618-3273-454D-81C4-4366B23D8588}.Release.DLL|x86.Build.0 = Release|Win32
		{3AC28618-3273-454D-81C4-4366B23D8588}.Release|x64.ActiveCfg = Release|x64
		{3AC28618-3273-454D-81C4-4366B23D8588}.Release|x64.Build.0 = Release|x64
		{3AC28618-3273-454D-81C4-4366B23D8588}.Release|x86.ActiveCfg = Release|Win32
		{3AC28618-3273-454D-81C4-4366B23D8588}.Release|x86.Build.0 = Release|Win32
		{91B397F4-BC40-477E-A5BE-69551985D3AE}.Debug.DLL|x64.ActiveCfg = Debug|x64
		{91B397F4-BC40-477E-A5BE-69551985D3AE}.Debug.DLL|x64.Build.0 = Debug|x64
		{91B397F4-BC40-477E-A5BE-69551985D3AE}.Debug.DLL|x86.ActiveCfg = Debug|Win32
		{91B397F4-BC40-477E-A5BE-69551985D3AE}.Debug.DLL|x86.Build.0 = Debug|Win32
		{91B397F4-BC40-477E-A5BE-69551985D3AE}.Debug|x64.ActiveCfg = Debug|x64
		{91B397F4-BC40-477E-A5BE-69551985D3AE}.Debug|x64.Build.0 = Debug|x64
		{91B397F4-BC40-477E-A5BE-69551985D3AE}.Debug|x86.ActiveCfg = Debug|Win32
		{91B397F4-BC40-477E-A5BE-69551985D3AE}.Debug|x86.Build.0 = Debug|Win32
		{91B397F4-BC40-477E-A5BE-69551985D3AE}.Release.DLL|x64.ActiveCfg = Release|x64
		{91B397F4-BC40-477E-A5BE-69551985D3AE}.Release.DLL|x64.Build.0 = Release|x64
		{91B397F4-BC40-477E-A5BE-69551985D3AE}.Release.DLL|x86.ActiveCfg = Release|Win32
		{91B397F4-BC40-477E-A5BE-69551985D3AE}.Release.DLL|x86.Build.0 = Release|Win32
		{91B397F4-BC40-477E-A5BE-69551985D3AE}.Release|x64.ActiveCfg = Release|x64
		{91B397F4-BC40-477E-A5BE-69551985D3AE}.Release|x64.Build.0 = Release|x64
		{91B397F4-BC40-477E-A5BE-69551985D3AE}.Release|x86.ActiveCfg = Release|Win32
		{91B397F4-BC40-477E-A5BE-69551985D3AE}.Release|x86.Build.0 = Release|Win32
		{8708F739-9415-4217-9897-50A46988D2FE}.Debug.DLL|x64.ActiveCfg = Debug|x64
		{8708F739-9415-4217-9897-50A46988D2FE}.Debug.DLL|x64.Build.0 = Debug|x64
		{8708F739-9415-4217-9897-50A46988D2FE}.Debug.DLL|x86.ActiveCfg = Debug|Win32
		{8708F739-9415-4217-9897-50A46988D2FE}.Debug.DLL|x86.Build.0 = Debug|Win32
		{8708F739-9415-4217-9897-50A46988D2FE}.Debug|x64.ActiveCfg = Debug|x64
		{8708F739-9415-4217-9897-50A46988D2FE}.Debug|x64.Build.0 = Debug|x64
		{8708F739-9415-4217-9897-50A46988D2FE}.Debug|x86.ActiveCfg = Debug|Win32
		{8708F739-9415-4217-9897-50A46988D2FE}.Debug|x86.Build.0 = Debug|Win32
		{8708F739-9415-4217-9897-50A46988D2FE}.Release.DLL|x64.ActiveCfg = Release|x64
		{8708F739-9415-4217-9897-50A46988D2FE}.Release.DLL|x64.Build.0 = Release|x64
		{8708F739-9415-4217-9897-50A46988D2FE}.Release.DLL|x86.ActiveCfg = Release|Win32
		{8708F739-9415-4217-9897-50A46988D2FE}.Release.DLL|x86.Build.0 = Release|Win32
		{8708F739-9415-4217-9897-50A46988D2FE}.Release|x64.ActiveCfg = Release|x64
		{8708F739-9415-4217-9897-50A46988D2FE}.Release|x64.Build.0 = Release|x64
		{8708F739-9415-4217-9897-50A46988D2FE}.Release|x86.ActiveCfg = Release|Win32
		{8708F739-9415-4217-9897-50A46988D2FE}.Release|x86.Build.0 = Release|Win32
	EndGlobalSection
	GlobalSection(SolutionProperties) = preSolution
		HideSolutionNode = FALSE
	EndGlobalSection
	GlobalSection(ExtensibilityGlobals) = postSolution
		SolutionGuid = {604E5D14-E9BD-4B34-932C-B5CC2DDEDC59}
	EndGlobalSection
EndGlobal
